// !$*UTF8*$!
{
	archiveVersion = 1;
	classes = {
	};
	objectVersion = 56;
	objects = {

/* Begin PBXBuildFile section */
		0B0B77762A4535AE00B10F99 /* ProgressBar.swift in Sources */ = {isa = PBXBuildFile; fileRef = 0B0B77752A4535AE00B10F99 /* ProgressBar.swift */; };
		0B0B77792A453A1700B10F99 /* Krub-Regular.ttf in Resources */ = {isa = PBXBuildFile; fileRef = 0B0B77782A453A1700B10F99 /* Krub-Regular.ttf */; };
		0B228A262A42A04A0078D22A /* HelmsmanView.swift in Sources */ = {isa = PBXBuildFile; fileRef = 0B228A252A42A04A0078D22A /* HelmsmanView.swift */; };
		59117DE02A414F2600701627 /* CrewCarnivalApp.swift in Sources */ = {isa = PBXBuildFile; fileRef = 59117DDF2A414F2600701627 /* CrewCarnivalApp.swift */; };
		59117DE22A414F2600701627 /* LivesView.swift in Sources */ = {isa = PBXBuildFile; fileRef = 59117DE12A414F2600701627 /* LivesView.swift */; };
		59117DE42A414F2700701627 /* Assets.xcassets in Resources */ = {isa = PBXBuildFile; fileRef = 59117DE32A414F2700701627 /* Assets.xcassets */; };
		59117DE72A414F2700701627 /* Preview Assets.xcassets in Resources */ = {isa = PBXBuildFile; fileRef = 59117DE62A414F2700701627 /* Preview Assets.xcassets */; };
		59117DEE2A43E87600701627 /* LookoutView.swift in Sources */ = {isa = PBXBuildFile; fileRef = 59117DED2A43E87600701627 /* LookoutView.swift */; };
		59117DF02A45397600701627 /* GasoekOne-Regular.ttf in Resources */ = {isa = PBXBuildFile; fileRef = 59117DEF2A45397600701627 /* GasoekOne-Regular.ttf */; };
/* End PBXBuildFile section */

/* Begin PBXFileReference section */
		0B0B77752A4535AE00B10F99 /* ProgressBar.swift */ = {isa = PBXFileReference; lastKnownFileType = sourcecode.swift; path = ProgressBar.swift; sourceTree = "<group>"; };
		0B0B77782A453A1700B10F99 /* Krub-Regular.ttf */ = {isa = PBXFileReference; lastKnownFileType = file; path = "Krub-Regular.ttf"; sourceTree = "<group>"; };
		0B0B777A2A453BFF00B10F99 /* Info.plist */ = {isa = PBXFileReference; lastKnownFileType = text.plist; path = Info.plist; sourceTree = "<group>"; };
		0B228A252A42A04A0078D22A /* HelmsmanView.swift */ = {isa = PBXFileReference; lastKnownFileType = sourcecode.swift; path = HelmsmanView.swift; sourceTree = "<group>"; };
		59117DDC2A414F2600701627 /* CrewCarnival.app */ = {isa = PBXFileReference; explicitFileType = wrapper.application; includeInIndex = 0; path = CrewCarnival.app; sourceTree = BUILT_PRODUCTS_DIR; };
		59117DDF2A414F2600701627 /* CrewCarnivalApp.swift */ = {isa = PBXFileReference; lastKnownFileType = sourcecode.swift; path = CrewCarnivalApp.swift; sourceTree = "<group>"; };
		59117DE12A414F2600701627 /* LivesView.swift */ = {isa = PBXFileReference; lastKnownFileType = sourcecode.swift; path = LivesView.swift; sourceTree = "<group>"; };
		59117DE32A414F2700701627 /* Assets.xcassets */ = {isa = PBXFileReference; lastKnownFileType = folder.assetcatalog; path = Assets.xcassets; sourceTree = "<group>"; };
		59117DE62A414F2700701627 /* Preview Assets.xcassets */ = {isa = PBXFileReference; lastKnownFileType = folder.assetcatalog; path = "Preview Assets.xcassets"; sourceTree = "<group>"; };
		59117DED2A43E87600701627 /* LookoutView.swift */ = {isa = PBXFileReference; lastKnownFileType = sourcecode.swift; path = LookoutView.swift; sourceTree = "<group>"; };
		59117DEF2A45397600701627 /* GasoekOne-Regular.ttf */ = {isa = PBXFileReference; lastKnownFileType = file; path = "GasoekOne-Regular.ttf"; sourceTree = "<group>"; };
/* End PBXFileReference section */

/* Begin PBXFrameworksBuildPhase section */
		59117DD92A414F2600701627 /* Frameworks */ = {
			isa = PBXFrameworksBuildPhase;
			buildActionMask = 2147483647;
			files = (
			);
			runOnlyForDeploymentPostprocessing = 0;
		};
/* End PBXFrameworksBuildPhase section */

/* Begin PBXGroup section */
		0B0B77772A4535B100B10F99 /* Component */ = {
			isa = PBXGroup;
			children = (
				0B0B77752A4535AE00B10F99 /* ProgressBar.swift */,
			);
			path = Component;
			sourceTree = "<group>";
		};
		0B0B777C2A4542CF00B10F99 /* Font */ = {
			isa = PBXGroup;
			children = (
				59117DEF2A45397600701627 /* GasoekOne-Regular.ttf */,
				0B0B77782A453A1700B10F99 /* Krub-Regular.ttf */,
			);
			path = Font;
			sourceTree = "<group>";
		};
		0B228A232A429F3C0078D22A /* View */ = {
			isa = PBXGroup;
			children = (
				59117DE12A414F2600701627 /* LivesView.swift */,
				59117DED2A43E87600701627 /* LookoutView.swift */,
				0B228A252A42A04A0078D22A /* HelmsmanView.swift */,
			);
			path = View;
			sourceTree = "<group>";
		};
		0B228A242A429FE50078D22A /* ViewController */ = {
			isa = PBXGroup;
			children = (
			);
			path = ViewController;
			sourceTree = "<group>";
		};
		59117DD32A414F2500701627 = {
			isa = PBXGroup;
			children = (
				59117DDE2A414F2600701627 /* CrewCarnival */,
				59117DDD2A414F2600701627 /* Products */,
			);
			sourceTree = "<group>";
		};
		59117DDD2A414F2600701627 /* Products */ = {
			isa = PBXGroup;
			children = (
				59117DDC2A414F2600701627 /* CrewCarnival.app */,
			);
			name = Products;
			sourceTree = "<group>";
		};
		59117DDE2A414F2600701627 /* CrewCarnival */ = {
			isa = PBXGroup;
			children = (
				0B0B777C2A4542CF00B10F99 /* Font */,
				0B0B777A2A453BFF00B10F99 /* Info.plist */,
				0B0B77772A4535B100B10F99 /* Component */,
				0B228A242A429FE50078D22A /* ViewController */,
				0B228A232A429F3C0078D22A /* View */,
				59117DDF2A414F2600701627 /* CrewCarnivalApp.swift */,
				59117DE32A414F2700701627 /* Assets.xcassets */,
				59117DE52A414F2700701627 /* Preview Content */,
			);
			path = CrewCarnival;
			sourceTree = "<group>";
		};
		59117DE52A414F2700701627 /* Preview Content */ = {
			isa = PBXGroup;
			children = (
				59117DE62A414F2700701627 /* Preview Assets.xcassets */,
			);
			path = "Preview Content";
			sourceTree = "<group>";
		};
/* End PBXGroup section */

/* Begin PBXNativeTarget section */
		59117DDB2A414F2600701627 /* CrewCarnival */ = {
			isa = PBXNativeTarget;
			buildConfigurationList = 59117DEA2A414F2700701627 /* Build configuration list for PBXNativeTarget "CrewCarnival" */;
			buildPhases = (
				59117DD82A414F2600701627 /* Sources */,
				59117DD92A414F2600701627 /* Frameworks */,
				59117DDA2A414F2600701627 /* Resources */,
			);
			buildRules = (
			);
			dependencies = (
			);
			name = CrewCarnival;
			productName = CrewCarnival;
			productReference = 59117DDC2A414F2600701627 /* CrewCarnival.app */;
			productType = "com.apple.product-type.application";
		};
/* End PBXNativeTarget section */

/* Begin PBXProject section */
		59117DD42A414F2500701627 /* Project object */ = {
			isa = PBXProject;
			attributes = {
				BuildIndependentTargetsInParallel = 1;
				LastSwiftUpdateCheck = 1430;
				LastUpgradeCheck = 1430;
				TargetAttributes = {
					59117DDB2A414F2600701627 = {
						CreatedOnToolsVersion = 14.3.1;
					};
				};
			};
			buildConfigurationList = 59117DD72A414F2500701627 /* Build configuration list for PBXProject "CrewCarnival" */;
			compatibilityVersion = "Xcode 14.0";
			developmentRegion = en;
			hasScannedForEncodings = 0;
			knownRegions = (
				en,
				Base,
			);
			mainGroup = 59117DD32A414F2500701627;
			productRefGroup = 59117DDD2A414F2600701627 /* Products */;
			projectDirPath = "";
			projectRoot = "";
			targets = (
				59117DDB2A414F2600701627 /* CrewCarnival */,
			);
		};
/* End PBXProject section */

/* Begin PBXResourcesBuildPhase section */
		59117DDA2A414F2600701627 /* Resources */ = {
			isa = PBXResourcesBuildPhase;
			buildActionMask = 2147483647;
			files = (
				59117DF02A45397600701627 /* GasoekOne-Regular.ttf in Resources */,
				59117DE72A414F2700701627 /* Preview Assets.xcassets in Resources */,
				59117DE42A414F2700701627 /* Assets.xcassets in Resources */,
				0B0B77792A453A1700B10F99 /* Krub-Regular.ttf in Resources */,
			);
			runOnlyForDeploymentPostprocessing = 0;
		};
/* End PBXResourcesBuildPhase section */

/* Begin PBXSourcesBuildPhase section */
		59117DD82A414F2600701627 /* Sources */ = {
			isa = PBXSourcesBuildPhase;
			buildActionMask = 2147483647;
			files = (
				59117DE22A414F2600701627 /* LivesView.swift in Sources */,
				0B228A262A42A04A0078D22A /* HelmsmanView.swift in Sources */,
				59117DE22A414F2600701627 /* LivesView.swift in Sources */,
				0B0B77762A4535AE00B10F99 /* ProgressBar.swift in Sources */,
				59117DE02A414F2600701627 /* CrewCarnivalApp.swift in Sources */,
				59117DEE2A43E87600701627 /* LookoutView.swift in Sources */,
			);
			runOnlyForDeploymentPostprocessing = 0;
		};
/* End PBXSourcesBuildPhase section */

/* Begin XCBuildConfiguration section */
		59117DE82A414F2700701627 /* Debug */ = {
			isa = XCBuildConfiguration;
			buildSettings = {
				ALWAYS_SEARCH_USER_PATHS = NO;
				CLANG_ANALYZER_NONNULL = YES;
				CLANG_ANALYZER_NUMBER_OBJECT_CONVERSION = YES_AGGRESSIVE;
				CLANG_CXX_LANGUAGE_STANDARD = "gnu++20";
				CLANG_ENABLE_MODULES = YES;
				CLANG_ENABLE_OBJC_ARC = YES;
				CLANG_ENABLE_OBJC_WEAK = YES;
				CLANG_WARN_BLOCK_CAPTURE_AUTORELEASING = YES;
				CLANG_WARN_BOOL_CONVERSION = YES;
				CLANG_WARN_COMMA = YES;
				CLANG_WARN_CONSTANT_CONVERSION = YES;
				CLANG_WARN_DEPRECATED_OBJC_IMPLEMENTATIONS = YES;
				CLANG_WARN_DIRECT_OBJC_ISA_USAGE = YES_ERROR;
				CLANG_WARN_DOCUMENTATION_COMMENTS = YES;
				CLANG_WARN_EMPTY_BODY = YES;
				CLANG_WARN_ENUM_CONVERSION = YES;
				CLANG_WARN_INFINITE_RECURSION = YES;
				CLANG_WARN_INT_CONVERSION = YES;
				CLANG_WARN_NON_LITERAL_NULL_CONVERSION = YES;
				CLANG_WARN_OBJC_IMPLICIT_RETAIN_SELF = YES;
				CLANG_WARN_OBJC_LITERAL_CONVERSION = YES;
				CLANG_WARN_OBJC_ROOT_CLASS = YES_ERROR;
				CLANG_WARN_QUOTED_INCLUDE_IN_FRAMEWORK_HEADER = YES;
				CLANG_WARN_RANGE_LOOP_ANALYSIS = YES;
				CLANG_WARN_STRICT_PROTOTYPES = YES;
				CLANG_WARN_SUSPICIOUS_MOVE = YES;
				CLANG_WARN_UNGUARDED_AVAILABILITY = YES_AGGRESSIVE;
				CLANG_WARN_UNREACHABLE_CODE = YES;
				CLANG_WARN__DUPLICATE_METHOD_MATCH = YES;
				COPY_PHASE_STRIP = NO;
				DEBUG_INFORMATION_FORMAT = dwarf;
				ENABLE_STRICT_OBJC_MSGSEND = YES;
				ENABLE_TESTABILITY = YES;
				GCC_C_LANGUAGE_STANDARD = gnu11;
				GCC_DYNAMIC_NO_PIC = NO;
				GCC_NO_COMMON_BLOCKS = YES;
				GCC_OPTIMIZATION_LEVEL = 0;
				GCC_PREPROCESSOR_DEFINITIONS = (
					"DEBUG=1",
					"$(inherited)",
				);
				GCC_WARN_64_TO_32_BIT_CONVERSION = YES;
				GCC_WARN_ABOUT_RETURN_TYPE = YES_ERROR;
				GCC_WARN_UNDECLARED_SELECTOR = YES;
				GCC_WARN_UNINITIALIZED_AUTOS = YES_AGGRESSIVE;
				GCC_WARN_UNUSED_FUNCTION = YES;
				GCC_WARN_UNUSED_VARIABLE = YES;
				IPHONEOS_DEPLOYMENT_TARGET = 16.4;
				MTL_ENABLE_DEBUG_INFO = INCLUDE_SOURCE;
				MTL_FAST_MATH = YES;
				ONLY_ACTIVE_ARCH = YES;
				SDKROOT = iphoneos;
				SWIFT_ACTIVE_COMPILATION_CONDITIONS = DEBUG;
				SWIFT_OPTIMIZATION_LEVEL = "-Onone";
			};
			name = Debug;
		};
		59117DE92A414F2700701627 /* Release */ = {
			isa = XCBuildConfiguration;
			buildSettings = {
				ALWAYS_SEARCH_USER_PATHS = NO;
				CLANG_ANALYZER_NONNULL = YES;
				CLANG_ANALYZER_NUMBER_OBJECT_CONVERSION = YES_AGGRESSIVE;
				CLANG_CXX_LANGUAGE_STANDARD = "gnu++20";
				CLANG_ENABLE_MODULES = YES;
				CLANG_ENABLE_OBJC_ARC = YES;
				CLANG_ENABLE_OBJC_WEAK = YES;
				CLANG_WARN_BLOCK_CAPTURE_AUTORELEASING = YES;
				CLANG_WARN_BOOL_CONVERSION = YES;
				CLANG_WARN_COMMA = YES;
				CLANG_WARN_CONSTANT_CONVERSION = YES;
				CLANG_WARN_DEPRECATED_OBJC_IMPLEMENTATIONS = YES;
				CLANG_WARN_DIRECT_OBJC_ISA_USAGE = YES_ERROR;
				CLANG_WARN_DOCUMENTATION_COMMENTS = YES;
				CLANG_WARN_EMPTY_BODY = YES;
				CLANG_WARN_ENUM_CONVERSION = YES;
				CLANG_WARN_INFINITE_RECURSION = YES;
				CLANG_WARN_INT_CONVERSION = YES;
				CLANG_WARN_NON_LITERAL_NULL_CONVERSION = YES;
				CLANG_WARN_OBJC_IMPLICIT_RETAIN_SELF = YES;
				CLANG_WARN_OBJC_LITERAL_CONVERSION = YES;
				CLANG_WARN_OBJC_ROOT_CLASS = YES_ERROR;
				CLANG_WARN_QUOTED_INCLUDE_IN_FRAMEWORK_HEADER = YES;
				CLANG_WARN_RANGE_LOOP_ANALYSIS = YES;
				CLANG_WARN_STRICT_PROTOTYPES = YES;
				CLANG_WARN_SUSPICIOUS_MOVE = YES;
				CLANG_WARN_UNGUARDED_AVAILABILITY = YES_AGGRESSIVE;
				CLANG_WARN_UNREACHABLE_CODE = YES;
				CLANG_WARN__DUPLICATE_METHOD_MATCH = YES;
				COPY_PHASE_STRIP = NO;
				DEBUG_INFORMATION_FORMAT = "dwarf-with-dsym";
				ENABLE_NS_ASSERTIONS = NO;
				ENABLE_STRICT_OBJC_MSGSEND = YES;
				GCC_C_LANGUAGE_STANDARD = gnu11;
				GCC_NO_COMMON_BLOCKS = YES;
				GCC_WARN_64_TO_32_BIT_CONVERSION = YES;
				GCC_WARN_ABOUT_RETURN_TYPE = YES_ERROR;
				GCC_WARN_UNDECLARED_SELECTOR = YES;
				GCC_WARN_UNINITIALIZED_AUTOS = YES_AGGRESSIVE;
				GCC_WARN_UNUSED_FUNCTION = YES;
				GCC_WARN_UNUSED_VARIABLE = YES;
				IPHONEOS_DEPLOYMENT_TARGET = 16.4;
				MTL_ENABLE_DEBUG_INFO = NO;
				MTL_FAST_MATH = YES;
				SDKROOT = iphoneos;
				SWIFT_COMPILATION_MODE = wholemodule;
				SWIFT_OPTIMIZATION_LEVEL = "-O";
				VALIDATE_PRODUCT = YES;
			};
			name = Release;
		};
		59117DEB2A414F2700701627 /* Debug */ = {
			isa = XCBuildConfiguration;
			buildSettings = {
				ASSETCATALOG_COMPILER_APPICON_NAME = AppIcon;
				ASSETCATALOG_COMPILER_GLOBAL_ACCENT_COLOR_NAME = AccentColor;
				CODE_SIGN_STYLE = Automatic;
				CURRENT_PROJECT_VERSION = 1;
				DEVELOPMENT_ASSET_PATHS = "\"CrewCarnival/Preview Content\"";
				ENABLE_PREVIEWS = YES;
				GENERATE_INFOPLIST_FILE = YES;
				INFOPLIST_FILE = CrewCarnival/Info.plist;
				INFOPLIST_KEY_UIApplicationSceneManifest_Generation = YES;
				INFOPLIST_KEY_UIApplicationSupportsIndirectInputEvents = YES;
				INFOPLIST_KEY_UILaunchScreen_Generation = YES;
				INFOPLIST_KEY_UISupportedInterfaceOrientations_iPad = "UIInterfaceOrientationPortrait UIInterfaceOrientationPortraitUpsideDown UIInterfaceOrientationLandscapeLeft UIInterfaceOrientationLandscapeRight";
				INFOPLIST_KEY_UISupportedInterfaceOrientations_iPhone = "UIInterfaceOrientationPortrait UIInterfaceOrientationLandscapeLeft UIInterfaceOrientationLandscapeRight";
				LD_RUNPATH_SEARCH_PATHS = (
					"$(inherited)",
					"@executable_path/Frameworks",
				);
				MARKETING_VERSION = 1.0;
				PRODUCT_BUNDLE_IDENTIFIER = com.ada.CrewCarnival;
				PRODUCT_NAME = "$(TARGET_NAME)";
				SWIFT_EMIT_LOC_STRINGS = YES;
				SWIFT_VERSION = 5.0;
				TARGETED_DEVICE_FAMILY = "1,2";
			};
			name = Debug;
		};
		59117DEC2A414F2700701627 /* Release */ = {
			isa = XCBuildConfiguration;
			buildSettings = {
				ASSETCATALOG_COMPILER_APPICON_NAME = AppIcon;
				ASSETCATALOG_COMPILER_GLOBAL_ACCENT_COLOR_NAME = AccentColor;
				CODE_SIGN_STYLE = Automatic;
				CURRENT_PROJECT_VERSION = 1;
				DEVELOPMENT_ASSET_PATHS = "\"CrewCarnival/Preview Content\"";
				ENABLE_PREVIEWS = YES;
				GENERATE_INFOPLIST_FILE = YES;
				INFOPLIST_FILE = CrewCarnival/Info.plist;
				INFOPLIST_KEY_UIApplicationSceneManifest_Generation = YES;
				INFOPLIST_KEY_UIApplicationSupportsIndirectInputEvents = YES;
				INFOPLIST_KEY_UILaunchScreen_Generation = YES;
				INFOPLIST_KEY_UISupportedInterfaceOrientations_iPad = "UIInterfaceOrientationPortrait UIInterfaceOrientationPortraitUpsideDown UIInterfaceOrientationLandscapeLeft UIInterfaceOrientationLandscapeRight";
				INFOPLIST_KEY_UISupportedInterfaceOrientations_iPhone = "UIInterfaceOrientationPortrait UIInterfaceOrientationLandscapeLeft UIInterfaceOrientationLandscapeRight";
				LD_RUNPATH_SEARCH_PATHS = (
					"$(inherited)",
					"@executable_path/Frameworks",
				);
				MARKETING_VERSION = 1.0;
				PRODUCT_BUNDLE_IDENTIFIER = com.ada.CrewCarnival;
				PRODUCT_NAME = "$(TARGET_NAME)";
				SWIFT_EMIT_LOC_STRINGS = YES;
				SWIFT_VERSION = 5.0;
				TARGETED_DEVICE_FAMILY = "1,2";
			};
			name = Release;
		};
/* End XCBuildConfiguration section */

/* Begin XCConfigurationList section */
		59117DD72A414F2500701627 /* Build configuration list for PBXProject "CrewCarnival" */ = {
			isa = XCConfigurationList;
			buildConfigurations = (
				59117DE82A414F2700701627 /* Debug */,
				59117DE92A414F2700701627 /* Release */,
			);
			defaultConfigurationIsVisible = 0;
			defaultConfigurationName = Release;
		};
		59117DEA2A414F2700701627 /* Build configuration list for PBXNativeTarget "CrewCarnival" */ = {
			isa = XCConfigurationList;
			buildConfigurations = (
				59117DEB2A414F2700701627 /* Debug */,
				59117DEC2A414F2700701627 /* Release */,
			);
			defaultConfigurationIsVisible = 0;
			defaultConfigurationName = Release;
		};
/* End XCConfigurationList section */
	};
	rootObject = 59117DD42A414F2500701627 /* Project object */;
}
