// !$*UTF8*$!
{
	archiveVersion = 1;
	classes = {
	};
	objectVersion = 56;
	objects = {

/* Begin PBXBuildFile section */
		0B0B0BE72A53D92A00406AA1 /* Assets.xcassets in Resources */ = {isa = PBXBuildFile; fileRef = 59117DE32A414F2700701627 /* Assets.xcassets */; };
		0B0B77762A4535AE00B10F99 /* ProgressBar.swift in Sources */ = {isa = PBXBuildFile; fileRef = 0B0B77752A4535AE00B10F99 /* ProgressBar.swift */; };
		0B0B77792A453A1700B10F99 /* Krub-Regular.ttf in Resources */ = {isa = PBXBuildFile; fileRef = 0B0B77782A453A1700B10F99 /* Krub-Regular.ttf */; };
		0B0B777E2A454AE200B10F99 /* GradientProgressStyle.swift in Sources */ = {isa = PBXBuildFile; fileRef = 0B0B777D2A454AE200B10F99 /* GradientProgressStyle.swift */; };
		0B0B77802A455D8600B10F99 /* SailingMasterView.swift in Sources */ = {isa = PBXBuildFile; fileRef = 0B0B777F2A455D8600B10F99 /* SailingMasterView.swift */; };
		0B228A262A42A04A0078D22A /* HelmsmanView.swift in Sources */ = {isa = PBXBuildFile; fileRef = 0B228A252A42A04A0078D22A /* HelmsmanView.swift */; };
		0B267A002A47482700CE2AD8 /* BlacksmithView.swift in Sources */ = {isa = PBXBuildFile; fileRef = 0B2679FF2A47482700CE2AD8 /* BlacksmithView.swift */; };
		0B4F5B082A4BD0DB00D55948 /* Backsound.mp3 in Resources */ = {isa = PBXBuildFile; fileRef = 0B4F5B072A4BD0DB00D55948 /* Backsound.mp3 */; };
		0B4F5B0C2A4BD7DB00D55948 /* game.mp3 in Resources */ = {isa = PBXBuildFile; fileRef = 0B4F5B092A4BD7DB00D55948 /* game.mp3 */; };
		0B4F5B0D2A4BD7DB00D55948 /* menu.mp3 in Resources */ = {isa = PBXBuildFile; fileRef = 0B4F5B0A2A4BD7DB00D55948 /* menu.mp3 */; };
		0B4F5B0E2A4BD7DB00D55948 /* story.mp3 in Resources */ = {isa = PBXBuildFile; fileRef = 0B4F5B0B2A4BD7DB00D55948 /* story.mp3 */; };
		0B4F5B112A4BD94100D55948 /* AudioViewModel.swift in Sources */ = {isa = PBXBuildFile; fileRef = 0B4F5B102A4BD94100D55948 /* AudioViewModel.swift */; };
		0B4F5B132A4EB34800D55948 /* FirstView.swift in Sources */ = {isa = PBXBuildFile; fileRef = 0B4F5B122A4EB34800D55948 /* FirstView.swift */; };
		0B6932C72A55495F00DA6321 /* Shake.swift in Sources */ = {isa = PBXBuildFile; fileRef = 0B6932C62A55495F00DA6321 /* Shake.swift */; };
		0B9EFFF42A4AA20E00BEF546 /* Puzzle.swift in Sources */ = {isa = PBXBuildFile; fileRef = 0B9EFFF32A4AA20E00BEF546 /* Puzzle.swift */; };
		0B9EFFF72A4AA25200BEF546 /* PuzzleViewModel.swift in Sources */ = {isa = PBXBuildFile; fileRef = 0B9EFFF62A4AA25200BEF546 /* PuzzleViewModel.swift */; };
		0B9EFFFA2A4AA2B300BEF546 /* Drag.swift in Sources */ = {isa = PBXBuildFile; fileRef = 0B9EFFF92A4AA2B300BEF546 /* Drag.swift */; };
		0B9EFFFC2A4AA2C600BEF546 /* Drop.swift in Sources */ = {isa = PBXBuildFile; fileRef = 0B9EFFFB2A4AA2C600BEF546 /* Drop.swift */; };
		4C2509172A4946D000721A03 /* GameView.swift in Sources */ = {isa = PBXBuildFile; fileRef = 4C2509162A4946D000721A03 /* GameView.swift */; };
		4C25091B2A496C7400721A03 /* Event.swift in Sources */ = {isa = PBXBuildFile; fileRef = 4C25091A2A496C7400721A03 /* Event.swift */; };
		4C4AC29D2A555DB700D589CD /* Peer.swift in Sources */ = {isa = PBXBuildFile; fileRef = 4C4AC29C2A555DB700D589CD /* Peer.swift */; };
		4C7234072A49218C00F371E7 /* ReadyView.swift in Sources */ = {isa = PBXBuildFile; fileRef = 4C7234052A49218C00F371E7 /* ReadyView.swift */; };
		4C7234082A49218C00F371E7 /* PartyView.swift in Sources */ = {isa = PBXBuildFile; fileRef = 4C7234062A49218C00F371E7 /* PartyView.swift */; };
		4C72340A2A49219A00F371E7 /* PartyCard.swift in Sources */ = {isa = PBXBuildFile; fileRef = 4C7234092A49219A00F371E7 /* PartyCard.swift */; };
		4C72340C2A4921D600F371E7 /* ContentView.swift in Sources */ = {isa = PBXBuildFile; fileRef = 4C72340B2A4921D600F371E7 /* ContentView.swift */; };
		4C72340E2A4921FB00F371E7 /* MenuView.swift in Sources */ = {isa = PBXBuildFile; fileRef = 4C72340D2A4921FB00F371E7 /* MenuView.swift */; };
		4C72341F2A49270E00F371E7 /* Party.swift in Sources */ = {isa = PBXBuildFile; fileRef = 4C72341D2A49270E00F371E7 /* Party.swift */; };
		4C7234202A49270E00F371E7 /* Player.swift in Sources */ = {isa = PBXBuildFile; fileRef = 4C72341E2A49270E00F371E7 /* Player.swift */; };
		4C7234222A49274700F371E7 /* GameService.swift in Sources */ = {isa = PBXBuildFile; fileRef = 4C7234212A49274700F371E7 /* GameService.swift */; };
		4E14C5832A47479C005BB798 /* RecapSceneView.swift in Sources */ = {isa = PBXBuildFile; fileRef = 4E14C5822A47479C005BB798 /* RecapSceneView.swift */; };
		4E3F47122A4A737900915B7F /* CarouselBodyView.swift in Sources */ = {isa = PBXBuildFile; fileRef = 4E3F470F2A4A737900915B7F /* CarouselBodyView.swift */; };
		4E3F47132A4A737900915B7F /* AllRole.swift in Sources */ = {isa = PBXBuildFile; fileRef = 4E3F47102A4A737900915B7F /* AllRole.swift */; };
		4E3F47142A4A737900915B7F /* ScrollViewOffsetModifier.swift in Sources */ = {isa = PBXBuildFile; fileRef = 4E3F47112A4A737900915B7F /* ScrollViewOffsetModifier.swift */; };
		4E3F47162A4A890600915B7F /* CobaRecapView.swift in Sources */ = {isa = PBXBuildFile; fileRef = 4E3F47152A4A890600915B7F /* CobaRecapView.swift */; };
		59117DE02A414F2600701627 /* CrewCarnivalApp.swift in Sources */ = {isa = PBXBuildFile; fileRef = 59117DDF2A414F2600701627 /* CrewCarnivalApp.swift */; };
		59117DE22A414F2600701627 /* LivesView.swift in Sources */ = {isa = PBXBuildFile; fileRef = 59117DE12A414F2600701627 /* LivesView.swift */; };
		59117DE72A414F2700701627 /* Preview Assets.xcassets in Resources */ = {isa = PBXBuildFile; fileRef = 59117DE62A414F2700701627 /* Preview Assets.xcassets */; };
		59117DEE2A43E87600701627 /* LookoutView.swift in Sources */ = {isa = PBXBuildFile; fileRef = 59117DED2A43E87600701627 /* LookoutView.swift */; };
		59117DF02A45397600701627 /* GasoekOne-Regular.ttf in Resources */ = {isa = PBXBuildFile; fileRef = 59117DEF2A45397600701627 /* GasoekOne-Regular.ttf */; };
		59ECAE502A4A7829008FE730 /* CabinBoyView.swift in Sources */ = {isa = PBXBuildFile; fileRef = 59ECAE4F2A4A7829008FE730 /* CabinBoyView.swift */; };
/* End PBXBuildFile section */

/* Begin PBXFileReference section */
		0B0B77752A4535AE00B10F99 /* ProgressBar.swift */ = {isa = PBXFileReference; lastKnownFileType = sourcecode.swift; path = ProgressBar.swift; sourceTree = "<group>"; };
		0B0B77782A453A1700B10F99 /* Krub-Regular.ttf */ = {isa = PBXFileReference; lastKnownFileType = file; path = "Krub-Regular.ttf"; sourceTree = "<group>"; };
		0B0B777A2A453BFF00B10F99 /* Info.plist */ = {isa = PBXFileReference; lastKnownFileType = text.plist; path = Info.plist; sourceTree = "<group>"; };
		0B0B777D2A454AE200B10F99 /* GradientProgressStyle.swift */ = {isa = PBXFileReference; lastKnownFileType = sourcecode.swift; path = GradientProgressStyle.swift; sourceTree = "<group>"; };
		0B0B777F2A455D8600B10F99 /* SailingMasterView.swift */ = {isa = PBXFileReference; lastKnownFileType = sourcecode.swift; path = SailingMasterView.swift; sourceTree = "<group>"; };
		0B228A252A42A04A0078D22A /* HelmsmanView.swift */ = {isa = PBXFileReference; lastKnownFileType = sourcecode.swift; path = HelmsmanView.swift; sourceTree = "<group>"; };
		0B2679FF2A47482700CE2AD8 /* BlacksmithView.swift */ = {isa = PBXFileReference; lastKnownFileType = sourcecode.swift; path = BlacksmithView.swift; sourceTree = "<group>"; };
		0B4F5B072A4BD0DB00D55948 /* Backsound.mp3 */ = {isa = PBXFileReference; lastKnownFileType = audio.mp3; path = Backsound.mp3; sourceTree = "<group>"; };
		0B4F5B092A4BD7DB00D55948 /* game.mp3 */ = {isa = PBXFileReference; lastKnownFileType = audio.mp3; path = game.mp3; sourceTree = "<group>"; };
		0B4F5B0A2A4BD7DB00D55948 /* menu.mp3 */ = {isa = PBXFileReference; lastKnownFileType = audio.mp3; path = menu.mp3; sourceTree = "<group>"; };
		0B4F5B0B2A4BD7DB00D55948 /* story.mp3 */ = {isa = PBXFileReference; lastKnownFileType = audio.mp3; path = story.mp3; sourceTree = "<group>"; };
		0B4F5B102A4BD94100D55948 /* AudioViewModel.swift */ = {isa = PBXFileReference; lastKnownFileType = sourcecode.swift; path = AudioViewModel.swift; sourceTree = "<group>"; };
		0B4F5B122A4EB34800D55948 /* FirstView.swift */ = {isa = PBXFileReference; lastKnownFileType = sourcecode.swift; path = FirstView.swift; sourceTree = "<group>"; };
		0B6932C62A55495F00DA6321 /* Shake.swift */ = {isa = PBXFileReference; lastKnownFileType = sourcecode.swift; path = Shake.swift; sourceTree = "<group>"; };
		0B9EFFF32A4AA20E00BEF546 /* Puzzle.swift */ = {isa = PBXFileReference; lastKnownFileType = sourcecode.swift; path = Puzzle.swift; sourceTree = "<group>"; };
		0B9EFFF62A4AA25200BEF546 /* PuzzleViewModel.swift */ = {isa = PBXFileReference; lastKnownFileType = sourcecode.swift; path = PuzzleViewModel.swift; sourceTree = "<group>"; };
		0B9EFFF92A4AA2B300BEF546 /* Drag.swift */ = {isa = PBXFileReference; lastKnownFileType = sourcecode.swift; path = Drag.swift; sourceTree = "<group>"; };
		0B9EFFFB2A4AA2C600BEF546 /* Drop.swift */ = {isa = PBXFileReference; lastKnownFileType = sourcecode.swift; path = Drop.swift; sourceTree = "<group>"; };
		4C2509162A4946D000721A03 /* GameView.swift */ = {isa = PBXFileReference; lastKnownFileType = sourcecode.swift; path = GameView.swift; sourceTree = "<group>"; };
		4C25091A2A496C7400721A03 /* Event.swift */ = {isa = PBXFileReference; lastKnownFileType = sourcecode.swift; path = Event.swift; sourceTree = "<group>"; };
		4C4AC29C2A555DB700D589CD /* Peer.swift */ = {isa = PBXFileReference; lastKnownFileType = sourcecode.swift; path = Peer.swift; sourceTree = "<group>"; };
		4C7234052A49218C00F371E7 /* ReadyView.swift */ = {isa = PBXFileReference; fileEncoding = 4; lastKnownFileType = sourcecode.swift; path = ReadyView.swift; sourceTree = "<group>"; };
		4C7234062A49218C00F371E7 /* PartyView.swift */ = {isa = PBXFileReference; fileEncoding = 4; lastKnownFileType = sourcecode.swift; path = PartyView.swift; sourceTree = "<group>"; };
		4C7234092A49219A00F371E7 /* PartyCard.swift */ = {isa = PBXFileReference; fileEncoding = 4; lastKnownFileType = sourcecode.swift; path = PartyCard.swift; sourceTree = "<group>"; };
		4C72340B2A4921D600F371E7 /* ContentView.swift */ = {isa = PBXFileReference; fileEncoding = 4; lastKnownFileType = sourcecode.swift; path = ContentView.swift; sourceTree = "<group>"; };
		4C72340D2A4921FB00F371E7 /* MenuView.swift */ = {isa = PBXFileReference; fileEncoding = 4; lastKnownFileType = sourcecode.swift; path = MenuView.swift; sourceTree = "<group>"; };
		4C72341D2A49270E00F371E7 /* Party.swift */ = {isa = PBXFileReference; fileEncoding = 4; lastKnownFileType = sourcecode.swift; path = Party.swift; sourceTree = "<group>"; };
		4C72341E2A49270E00F371E7 /* Player.swift */ = {isa = PBXFileReference; fileEncoding = 4; lastKnownFileType = sourcecode.swift; path = Player.swift; sourceTree = "<group>"; };
		4C7234212A49274700F371E7 /* GameService.swift */ = {isa = PBXFileReference; fileEncoding = 4; lastKnownFileType = sourcecode.swift; path = GameService.swift; sourceTree = "<group>"; };
		4E14C5822A47479C005BB798 /* RecapSceneView.swift */ = {isa = PBXFileReference; fileEncoding = 4; lastKnownFileType = sourcecode.swift; path = RecapSceneView.swift; sourceTree = "<group>"; };
		4E3F470F2A4A737900915B7F /* CarouselBodyView.swift */ = {isa = PBXFileReference; fileEncoding = 4; lastKnownFileType = sourcecode.swift; path = CarouselBodyView.swift; sourceTree = "<group>"; };
		4E3F47102A4A737900915B7F /* AllRole.swift */ = {isa = PBXFileReference; fileEncoding = 4; lastKnownFileType = sourcecode.swift; path = AllRole.swift; sourceTree = "<group>"; };
		4E3F47112A4A737900915B7F /* ScrollViewOffsetModifier.swift */ = {isa = PBXFileReference; fileEncoding = 4; lastKnownFileType = sourcecode.swift; path = ScrollViewOffsetModifier.swift; sourceTree = "<group>"; };
		4E3F47152A4A890600915B7F /* CobaRecapView.swift */ = {isa = PBXFileReference; lastKnownFileType = sourcecode.swift; path = CobaRecapView.swift; sourceTree = "<group>"; };
		59117DDC2A414F2600701627 /* CrewCarnival.app */ = {isa = PBXFileReference; explicitFileType = wrapper.application; includeInIndex = 0; path = CrewCarnival.app; sourceTree = BUILT_PRODUCTS_DIR; };
		59117DDF2A414F2600701627 /* CrewCarnivalApp.swift */ = {isa = PBXFileReference; lastKnownFileType = sourcecode.swift; path = CrewCarnivalApp.swift; sourceTree = "<group>"; };
		59117DE12A414F2600701627 /* LivesView.swift */ = {isa = PBXFileReference; lastKnownFileType = sourcecode.swift; path = LivesView.swift; sourceTree = "<group>"; };
		59117DE32A414F2700701627 /* Assets.xcassets */ = {isa = PBXFileReference; lastKnownFileType = folder.assetcatalog; path = Assets.xcassets; sourceTree = "<group>"; };
		59117DE62A414F2700701627 /* Preview Assets.xcassets */ = {isa = PBXFileReference; lastKnownFileType = folder.assetcatalog; path = "Preview Assets.xcassets"; sourceTree = "<group>"; };
		59117DED2A43E87600701627 /* LookoutView.swift */ = {isa = PBXFileReference; lastKnownFileType = sourcecode.swift; path = LookoutView.swift; sourceTree = "<group>"; };
		59117DEF2A45397600701627 /* GasoekOne-Regular.ttf */ = {isa = PBXFileReference; lastKnownFileType = file; path = "GasoekOne-Regular.ttf"; sourceTree = "<group>"; };
		59ECAE4F2A4A7829008FE730 /* CabinBoyView.swift */ = {isa = PBXFileReference; lastKnownFileType = sourcecode.swift; path = CabinBoyView.swift; sourceTree = "<group>"; };
/* End PBXFileReference section */

/* Begin PBXFrameworksBuildPhase section */
		59117DD92A414F2600701627 /* Frameworks */ = {
			isa = PBXFrameworksBuildPhase;
			buildActionMask = 2147483647;
			files = (
			);
			runOnlyForDeploymentPostprocessing = 0;
		};
/* End PBXFrameworksBuildPhase section */

/* Begin PBXGroup section */
		0B0B77772A4535B100B10F99 /* Component */ = {
			isa = PBXGroup;
			children = (
				0B6932C62A55495F00DA6321 /* Shake.swift */,
				4C7234092A49219A00F371E7 /* PartyCard.swift */,
				0B0B77752A4535AE00B10F99 /* ProgressBar.swift */,
				0B0B777D2A454AE200B10F99 /* GradientProgressStyle.swift */,
			);
			path = Component;
			sourceTree = "<group>";
		};
		0B0B777C2A4542CF00B10F99 /* Font */ = {
			isa = PBXGroup;
			children = (
				59117DEF2A45397600701627 /* GasoekOne-Regular.ttf */,
				0B0B77782A453A1700B10F99 /* Krub-Regular.ttf */,
			);
			path = Font;
			sourceTree = "<group>";
		};
		0B228A232A429F3C0078D22A /* View */ = {
			isa = PBXGroup;
			children = (
				0B9EFFF82A4AA2A000BEF546 /* New Group */,
				4E3F470E2A4A737900915B7F /* How to play? */,
				4C72340D2A4921FB00F371E7 /* MenuView.swift */,
				4C7234062A49218C00F371E7 /* PartyView.swift */,
				4C7234052A49218C00F371E7 /* ReadyView.swift */,
				59117DE12A414F2600701627 /* LivesView.swift */,
				59117DED2A43E87600701627 /* LookoutView.swift */,
				0B228A252A42A04A0078D22A /* HelmsmanView.swift */,
				4E3F47152A4A890600915B7F /* CobaRecapView.swift */,
				4E14C5822A47479C005BB798 /* RecapSceneView.swift */,
				0B0B777F2A455D8600B10F99 /* SailingMasterView.swift */,
				4C2509162A4946D000721A03 /* GameView.swift */,
				59ECAE4F2A4A7829008FE730 /* CabinBoyView.swift */,
				0B4F5B122A4EB34800D55948 /* FirstView.swift */,
			);
			path = View;
			sourceTree = "<group>";
		};
		0B4F5B0F2A4BD91800D55948 /* Sound */ = {
			isa = PBXGroup;
			children = (
				0B4F5B0A2A4BD7DB00D55948 /* menu.mp3 */,
				0B4F5B092A4BD7DB00D55948 /* game.mp3 */,
				0B4F5B0B2A4BD7DB00D55948 /* story.mp3 */,
				0B4F5B072A4BD0DB00D55948 /* Backsound.mp3 */,
			);
			path = Sound;
			sourceTree = "<group>";
		};
		0B9EFFF52A4AA21700BEF546 /* ViewModel */ = {
			isa = PBXGroup;
			children = (
				0B9EFFF62A4AA25200BEF546 /* PuzzleViewModel.swift */,
				0B4F5B102A4BD94100D55948 /* AudioViewModel.swift */,
			);
			path = ViewModel;
			sourceTree = "<group>";
		};
		0B9EFFF82A4AA2A000BEF546 /* New Group */ = {
			isa = PBXGroup;
			children = (
				0B2679FF2A47482700CE2AD8 /* BlacksmithView.swift */,
				0B9EFFF92A4AA2B300BEF546 /* Drag.swift */,
				0B9EFFFB2A4AA2C600BEF546 /* Drop.swift */,
			);
			path = "New Group";
			sourceTree = "<group>";
		};
		4C7234132A49222E00F371E7 /* Helper */ = {
			isa = PBXGroup;
			children = (
				4C7234212A49274700F371E7 /* GameService.swift */,
			);
			path = Helper;
			sourceTree = "<group>";
		};
		4C7234142A49223400F371E7 /* Model */ = {
			isa = PBXGroup;
			children = (
				4C72341D2A49270E00F371E7 /* Party.swift */,
				4C72341E2A49270E00F371E7 /* Player.swift */,
				4C25091A2A496C7400721A03 /* Event.swift */,
				0B9EFFF32A4AA20E00BEF546 /* Puzzle.swift */,
				4C4AC29C2A555DB700D589CD /* Peer.swift */,
			);
			path = Model;
			sourceTree = "<group>";
		};
		4E3F470E2A4A737900915B7F /* How to play? */ = {
			isa = PBXGroup;
			children = (
				4E3F470F2A4A737900915B7F /* CarouselBodyView.swift */,
				4E3F47102A4A737900915B7F /* AllRole.swift */,
				4E3F47112A4A737900915B7F /* ScrollViewOffsetModifier.swift */,
			);
			name = "How to play?";
			path = "CrewCarnival/How to play?";
			sourceTree = SOURCE_ROOT;
		};
		59117DD32A414F2500701627 = {
			isa = PBXGroup;
			children = (
				59117DDE2A414F2600701627 /* CrewCarnival */,
				59117DDD2A414F2600701627 /* Products */,
			);
			sourceTree = "<group>";
		};
		59117DDD2A414F2600701627 /* Products */ = {
			isa = PBXGroup;
			children = (
				59117DDC2A414F2600701627 /* CrewCarnival.app */,
			);
			name = Products;
			sourceTree = "<group>";
		};
		59117DDE2A414F2600701627 /* CrewCarnival */ = {
			isa = PBXGroup;
			children = (
				0B4F5B0F2A4BD91800D55948 /* Sound */,
				0B9EFFF52A4AA21700BEF546 /* ViewModel */,
				4C7234142A49223400F371E7 /* Model */,
				4C7234132A49222E00F371E7 /* Helper */,
				0B0B777C2A4542CF00B10F99 /* Font */,
				0B0B777A2A453BFF00B10F99 /* Info.plist */,
				0B0B77772A4535B100B10F99 /* Component */,
				0B228A232A429F3C0078D22A /* View */,
				59117DDF2A414F2600701627 /* CrewCarnivalApp.swift */,
				4C72340B2A4921D600F371E7 /* ContentView.swift */,
				59117DE32A414F2700701627 /* Assets.xcassets */,
				59117DE52A414F2700701627 /* Preview Content */,
			);
			path = CrewCarnival;
			sourceTree = "<group>";
		};
		59117DE52A414F2700701627 /* Preview Content */ = {
			isa = PBXGroup;
			children = (
				59117DE62A414F2700701627 /* Preview Assets.xcassets */,
			);
			path = "Preview Content";
			sourceTree = "<group>";
		};
/* End PBXGroup section */

/* Begin PBXNativeTarget section */
		59117DDB2A414F2600701627 /* CrewCarnival */ = {
			isa = PBXNativeTarget;
			buildConfigurationList = 59117DEA2A414F2700701627 /* Build configuration list for PBXNativeTarget "CrewCarnival" */;
			buildPhases = (
				59117DD82A414F2600701627 /* Sources */,
				59117DD92A414F2600701627 /* Frameworks */,
				59117DDA2A414F2600701627 /* Resources */,
			);
			buildRules = (
			);
			dependencies = (
			);
			name = CrewCarnival;
			productName = CrewCarnival;
			productReference = 59117DDC2A414F2600701627 /* CrewCarnival.app */;
			productType = "com.apple.product-type.application";
		};
/* End PBXNativeTarget section */

/* Begin PBXProject section */
		59117DD42A414F2500701627 /* Project object */ = {
			isa = PBXProject;
			attributes = {
				BuildIndependentTargetsInParallel = 1;
				LastSwiftUpdateCheck = 1430;
				LastUpgradeCheck = 1430;
				TargetAttributes = {
					59117DDB2A414F2600701627 = {
						CreatedOnToolsVersion = 14.3.1;
					};
				};
			};
			buildConfigurationList = 59117DD72A414F2500701627 /* Build configuration list for PBXProject "CrewCarnival" */;
			compatibilityVersion = "Xcode 14.0";
			developmentRegion = en;
			hasScannedForEncodings = 0;
			knownRegions = (
				en,
				Base,
			);
			mainGroup = 59117DD32A414F2500701627;
			productRefGroup = 59117DDD2A414F2600701627 /* Products */;
			projectDirPath = "";
			projectRoot = "";
			targets = (
				59117DDB2A414F2600701627 /* CrewCarnival */,
			);
		};
/* End PBXProject section */

/* Begin PBXResourcesBuildPhase section */
		59117DDA2A414F2600701627 /* Resources */ = {
			isa = PBXResourcesBuildPhase;
			buildActionMask = 2147483647;
			files = (
				0B4F5B0E2A4BD7DB00D55948 /* story.mp3 in Resources */,
				0B4F5B0D2A4BD7DB00D55948 /* menu.mp3 in Resources */,
				0B4F5B082A4BD0DB00D55948 /* Backsound.mp3 in Resources */,
				59117DF02A45397600701627 /* GasoekOne-Regular.ttf in Resources */,
				0B4F5B0C2A4BD7DB00D55948 /* game.mp3 in Resources */,
				59117DE72A414F2700701627 /* Preview Assets.xcassets in Resources */,
				0B0B0BE72A53D92A00406AA1 /* Assets.xcassets in Resources */,
				0B0B77792A453A1700B10F99 /* Krub-Regular.ttf in Resources */,
			);
			runOnlyForDeploymentPostprocessing = 0;
		};
/* End PBXResourcesBuildPhase section */

/* Begin PBXSourcesBuildPhase section */
		59117DD82A414F2600701627 /* Sources */ = {
			isa = PBXSourcesBuildPhase;
			buildActionMask = 2147483647;
			files = (
				4E3F47142A4A737900915B7F /* ScrollViewOffsetModifier.swift in Sources */,
				0B0B77802A455D8600B10F99 /* SailingMasterView.swift in Sources */,
				59117DE22A414F2600701627 /* LivesView.swift in Sources */,
				4C4AC29D2A555DB700D589CD /* Peer.swift in Sources */,
				0B228A262A42A04A0078D22A /* HelmsmanView.swift in Sources */,
				4E3F47132A4A737900915B7F /* AllRole.swift in Sources */,
				0B0B777E2A454AE200B10F99 /* GradientProgressStyle.swift in Sources */,
				4C7234222A49274700F371E7 /* GameService.swift in Sources */,
				59ECAE502A4A7829008FE730 /* CabinBoyView.swift in Sources */,
				4C72340A2A49219A00F371E7 /* PartyCard.swift in Sources */,
				59117DE22A414F2600701627 /* LivesView.swift in Sources */,
				4E14C5832A47479C005BB798 /* RecapSceneView.swift in Sources */,
				0B267A002A47482700CE2AD8 /* BlacksmithView.swift in Sources */,
				0B4F5B132A4EB34800D55948 /* FirstView.swift in Sources */,
				0B6932C72A55495F00DA6321 /* Shake.swift in Sources */,
				4C72340E2A4921FB00F371E7 /* MenuView.swift in Sources */,
				4C72341F2A49270E00F371E7 /* Party.swift in Sources */,
				4C7234072A49218C00F371E7 /* ReadyView.swift in Sources */,
				4E3F47122A4A737900915B7F /* CarouselBodyView.swift in Sources */,
				0B4F5B112A4BD94100D55948 /* AudioViewModel.swift in Sources */,
				4C7234082A49218C00F371E7 /* PartyView.swift in Sources */,
				0B9EFFF72A4AA25200BEF546 /* PuzzleViewModel.swift in Sources */,
				0B9EFFF42A4AA20E00BEF546 /* Puzzle.swift in Sources */,
				4C2509172A4946D000721A03 /* GameView.swift in Sources */,
				0B0B77762A4535AE00B10F99 /* ProgressBar.swift in Sources */,
				4E3F47162A4A890600915B7F /* CobaRecapView.swift in Sources */,
				4C72340C2A4921D600F371E7 /* ContentView.swift in Sources */,
				59117DE02A414F2600701627 /* CrewCarnivalApp.swift in Sources */,
				59117DEE2A43E87600701627 /* LookoutView.swift in Sources */,
				4C25091B2A496C7400721A03 /* Event.swift in Sources */,
				0B9EFFFC2A4AA2C600BEF546 /* Drop.swift in Sources */,
				4C7234202A49270E00F371E7 /* Player.swift in Sources */,
				0B9EFFFA2A4AA2B300BEF546 /* Drag.swift in Sources */,
			);
			runOnlyForDeploymentPostprocessing = 0;
		};
/* End PBXSourcesBuildPhase section */

/* Begin XCBuildConfiguration section */
		59117DE82A414F2700701627 /* Debug */ = {
			isa = XCBuildConfiguration;
			buildSettings = {
				ALWAYS_SEARCH_USER_PATHS = NO;
				CLANG_ANALYZER_NONNULL = YES;
				CLANG_ANALYZER_NUMBER_OBJECT_CONVERSION = YES_AGGRESSIVE;
				CLANG_CXX_LANGUAGE_STANDARD = "gnu++20";
				CLANG_ENABLE_MODULES = YES;
				CLANG_ENABLE_OBJC_ARC = YES;
				CLANG_ENABLE_OBJC_WEAK = YES;
				CLANG_WARN_BLOCK_CAPTURE_AUTORELEASING = YES;
				CLANG_WARN_BOOL_CONVERSION = YES;
				CLANG_WARN_COMMA = YES;
				CLANG_WARN_CONSTANT_CONVERSION = YES;
				CLANG_WARN_DEPRECATED_OBJC_IMPLEMENTATIONS = YES;
				CLANG_WARN_DIRECT_OBJC_ISA_USAGE = YES_ERROR;
				CLANG_WARN_DOCUMENTATION_COMMENTS = YES;
				CLANG_WARN_EMPTY_BODY = YES;
				CLANG_WARN_ENUM_CONVERSION = YES;
				CLANG_WARN_INFINITE_RECURSION = YES;
				CLANG_WARN_INT_CONVERSION = YES;
				CLANG_WARN_NON_LITERAL_NULL_CONVERSION = YES;
				CLANG_WARN_OBJC_IMPLICIT_RETAIN_SELF = YES;
				CLANG_WARN_OBJC_LITERAL_CONVERSION = YES;
				CLANG_WARN_OBJC_ROOT_CLASS = YES_ERROR;
				CLANG_WARN_QUOTED_INCLUDE_IN_FRAMEWORK_HEADER = YES;
				CLANG_WARN_RANGE_LOOP_ANALYSIS = YES;
				CLANG_WARN_STRICT_PROTOTYPES = YES;
				CLANG_WARN_SUSPICIOUS_MOVE = YES;
				CLANG_WARN_UNGUARDED_AVAILABILITY = YES_AGGRESSIVE;
				CLANG_WARN_UNREACHABLE_CODE = YES;
				CLANG_WARN__DUPLICATE_METHOD_MATCH = YES;
				COPY_PHASE_STRIP = NO;
				DEBUG_INFORMATION_FORMAT = dwarf;
				ENABLE_STRICT_OBJC_MSGSEND = YES;
				ENABLE_TESTABILITY = YES;
				GCC_C_LANGUAGE_STANDARD = gnu11;
				GCC_DYNAMIC_NO_PIC = NO;
				GCC_NO_COMMON_BLOCKS = YES;
				GCC_OPTIMIZATION_LEVEL = 0;
				GCC_PREPROCESSOR_DEFINITIONS = (
					"DEBUG=1",
					"$(inherited)",
				);
				GCC_WARN_64_TO_32_BIT_CONVERSION = YES;
				GCC_WARN_ABOUT_RETURN_TYPE = YES_ERROR;
				GCC_WARN_UNDECLARED_SELECTOR = YES;
				GCC_WARN_UNINITIALIZED_AUTOS = YES_AGGRESSIVE;
				GCC_WARN_UNUSED_FUNCTION = YES;
				GCC_WARN_UNUSED_VARIABLE = YES;
				IPHONEOS_DEPLOYMENT_TARGET = 16.4;
				MTL_ENABLE_DEBUG_INFO = INCLUDE_SOURCE;
				MTL_FAST_MATH = YES;
				ONLY_ACTIVE_ARCH = YES;
				SDKROOT = iphoneos;
				SWIFT_ACTIVE_COMPILATION_CONDITIONS = DEBUG;
				SWIFT_OPTIMIZATION_LEVEL = "-Onone";
			};
			name = Debug;
		};
		59117DE92A414F2700701627 /* Release */ = {
			isa = XCBuildConfiguration;
			buildSettings = {
				ALWAYS_SEARCH_USER_PATHS = NO;
				CLANG_ANALYZER_NONNULL = YES;
				CLANG_ANALYZER_NUMBER_OBJECT_CONVERSION = YES_AGGRESSIVE;
				CLANG_CXX_LANGUAGE_STANDARD = "gnu++20";
				CLANG_ENABLE_MODULES = YES;
				CLANG_ENABLE_OBJC_ARC = YES;
				CLANG_ENABLE_OBJC_WEAK = YES;
				CLANG_WARN_BLOCK_CAPTURE_AUTORELEASING = YES;
				CLANG_WARN_BOOL_CONVERSION = YES;
				CLANG_WARN_COMMA = YES;
				CLANG_WARN_CONSTANT_CONVERSION = YES;
				CLANG_WARN_DEPRECATED_OBJC_IMPLEMENTATIONS = YES;
				CLANG_WARN_DIRECT_OBJC_ISA_USAGE = YES_ERROR;
				CLANG_WARN_DOCUMENTATION_COMMENTS = YES;
				CLANG_WARN_EMPTY_BODY = YES;
				CLANG_WARN_ENUM_CONVERSION = YES;
				CLANG_WARN_INFINITE_RECURSION = YES;
				CLANG_WARN_INT_CONVERSION = YES;
				CLANG_WARN_NON_LITERAL_NULL_CONVERSION = YES;
				CLANG_WARN_OBJC_IMPLICIT_RETAIN_SELF = YES;
				CLANG_WARN_OBJC_LITERAL_CONVERSION = YES;
				CLANG_WARN_OBJC_ROOT_CLASS = YES_ERROR;
				CLANG_WARN_QUOTED_INCLUDE_IN_FRAMEWORK_HEADER = YES;
				CLANG_WARN_RANGE_LOOP_ANALYSIS = YES;
				CLANG_WARN_STRICT_PROTOTYPES = YES;
				CLANG_WARN_SUSPICIOUS_MOVE = YES;
				CLANG_WARN_UNGUARDED_AVAILABILITY = YES_AGGRESSIVE;
				CLANG_WARN_UNREACHABLE_CODE = YES;
				CLANG_WARN__DUPLICATE_METHOD_MATCH = YES;
				COPY_PHASE_STRIP = NO;
				DEBUG_INFORMATION_FORMAT = "dwarf-with-dsym";
				ENABLE_NS_ASSERTIONS = NO;
				ENABLE_STRICT_OBJC_MSGSEND = YES;
				GCC_C_LANGUAGE_STANDARD = gnu11;
				GCC_NO_COMMON_BLOCKS = YES;
				GCC_WARN_64_TO_32_BIT_CONVERSION = YES;
				GCC_WARN_ABOUT_RETURN_TYPE = YES_ERROR;
				GCC_WARN_UNDECLARED_SELECTOR = YES;
				GCC_WARN_UNINITIALIZED_AUTOS = YES_AGGRESSIVE;
				GCC_WARN_UNUSED_FUNCTION = YES;
				GCC_WARN_UNUSED_VARIABLE = YES;
				IPHONEOS_DEPLOYMENT_TARGET = 16.4;
				MTL_ENABLE_DEBUG_INFO = NO;
				MTL_FAST_MATH = YES;
				SDKROOT = iphoneos;
				SWIFT_COMPILATION_MODE = wholemodule;
				SWIFT_OPTIMIZATION_LEVEL = "-O";
				VALIDATE_PRODUCT = YES;
			};
			name = Release;
		};
		59117DEB2A414F2700701627 /* Debug */ = {
			isa = XCBuildConfiguration;
			buildSettings = {
				ASSETCATALOG_COMPILER_APPICON_NAME = AppIcon;
				ASSETCATALOG_COMPILER_GLOBAL_ACCENT_COLOR_NAME = AccentColor;
				CODE_SIGN_STYLE = Automatic;
				CURRENT_PROJECT_VERSION = 1;
				DEVELOPMENT_ASSET_PATHS = "\"CrewCarnival/Preview Content\"";
				DEVELOPMENT_TEAM = 594Q84397D;
				ENABLE_PREVIEWS = YES;
				GENERATE_INFOPLIST_FILE = YES;
				INFOPLIST_FILE = CrewCarnival/Info.plist;
				INFOPLIST_KEY_UIApplicationSceneManifest_Generation = YES;
				INFOPLIST_KEY_UIApplicationSupportsIndirectInputEvents = YES;
				INFOPLIST_KEY_UILaunchScreen_Generation = YES;
				INFOPLIST_KEY_UISupportedInterfaceOrientations_iPad = "UIInterfaceOrientationPortrait UIInterfaceOrientationPortraitUpsideDown UIInterfaceOrientationLandscapeLeft UIInterfaceOrientationLandscapeRight";
				INFOPLIST_KEY_UISupportedInterfaceOrientations_iPhone = "UIInterfaceOrientationPortrait UIInterfaceOrientationLandscapeLeft UIInterfaceOrientationLandscapeRight";
				LD_RUNPATH_SEARCH_PATHS = (
					"$(inherited)",
					"@executable_path/Frameworks",
				);
				MARKETING_VERSION = 1.0;
				PRODUCT_BUNDLE_IDENTIFIER = com.ada.CrewCarnival2;
				PRODUCT_NAME = "$(TARGET_NAME)";
				SWIFT_EMIT_LOC_STRINGS = YES;
				SWIFT_VERSION = 5.0;
				TARGETED_DEVICE_FAMILY = "1,2";
			};
			name = Debug;
		};
		59117DEC2A414F2700701627 /* Release */ = {
			isa = XCBuildConfiguration;
			buildSettings = {
				ASSETCATALOG_COMPILER_APPICON_NAME = AppIcon;
				ASSETCATALOG_COMPILER_GLOBAL_ACCENT_COLOR_NAME = AccentColor;
				CODE_SIGN_STYLE = Automatic;
				CURRENT_PROJECT_VERSION = 1;
				DEVELOPMENT_ASSET_PATHS = "\"CrewCarnival/Preview Content\"";
				DEVELOPMENT_TEAM = 594Q84397D;
				ENABLE_PREVIEWS = YES;
				GENERATE_INFOPLIST_FILE = YES;
				INFOPLIST_FILE = CrewCarnival/Info.plist;
				INFOPLIST_KEY_UIApplicationSceneManifest_Generation = YES;
				INFOPLIST_KEY_UIApplicationSupportsIndirectInputEvents = YES;
				INFOPLIST_KEY_UILaunchScreen_Generation = YES;
				INFOPLIST_KEY_UISupportedInterfaceOrientations_iPad = "UIInterfaceOrientationPortrait UIInterfaceOrientationPortraitUpsideDown UIInterfaceOrientationLandscapeLeft UIInterfaceOrientationLandscapeRight";
				INFOPLIST_KEY_UISupportedInterfaceOrientations_iPhone = "UIInterfaceOrientationPortrait UIInterfaceOrientationLandscapeLeft UIInterfaceOrientationLandscapeRight";
				LD_RUNPATH_SEARCH_PATHS = (
					"$(inherited)",
					"@executable_path/Frameworks",
				);
				MARKETING_VERSION = 1.0;
				PRODUCT_BUNDLE_IDENTIFIER = com.ada.CrewCarnival2;
				PRODUCT_NAME = "$(TARGET_NAME)";
				SWIFT_EMIT_LOC_STRINGS = YES;
				SWIFT_VERSION = 5.0;
				TARGETED_DEVICE_FAMILY = "1,2";
			};
			name = Release;
		};
/* End XCBuildConfiguration section */

/* Begin XCConfigurationList section */
		59117DD72A414F2500701627 /* Build configuration list for PBXProject "CrewCarnival" */ = {
			isa = XCConfigurationList;
			buildConfigurations = (
				59117DE82A414F2700701627 /* Debug */,
				59117DE92A414F2700701627 /* Release */,
			);
			defaultConfigurationIsVisible = 0;
			defaultConfigurationName = Release;
		};
		59117DEA2A414F2700701627 /* Build configuration list for PBXNativeTarget "CrewCarnival" */ = {
			isa = XCConfigurationList;
			buildConfigurations = (
				59117DEB2A414F2700701627 /* Debug */,
				59117DEC2A414F2700701627 /* Release */,
			);
			defaultConfigurationIsVisible = 0;
			defaultConfigurationName = Release;
		};
/* End XCConfigurationList section */
	};
	rootObject = 59117DD42A414F2500701627 /* Project object */;
}
